// !$*UTF8*$!
{
	archiveVersion = 1;
	classes = {
	};
	objectVersion = 46;
	objects = {

/* Begin PBXBuildFile section */
		69A70CC2CD72454EC7843F71 /* libPods.a in Frameworks */ = {isa = PBXBuildFile; fileRef = DC4FFF6330EA431E2C06640A /* libPods.a */; };
		A11FBC6D1CD23F5E0029DAC8 /* plus.png in Resources */ = {isa = PBXBuildFile; fileRef = A11FBC6C1CD23F5E0029DAC8 /* plus.png */; };
		A11FBC6F1CD240C30029DAC8 /* smile.png in Resources */ = {isa = PBXBuildFile; fileRef = A11FBC6E1CD240C30029DAC8 /* smile.png */; };
		A11FBC721CD4DDC60029DAC8 /* ASTop10ManageVC.m in Sources */ = {isa = PBXBuildFile; fileRef = A11FBC711CD4DDC60029DAC8 /* ASTop10ManageVC.m */; };
		A11FBC781CD50BF40029DAC8 /* ASTop10Manager.m in Sources */ = {isa = PBXBuildFile; fileRef = A11FBC771CD50BF40029DAC8 /* ASTop10Manager.m */; };
		A11FBC7C1CD876460029DAC8 /* top10Iterms.plist in Resources */ = {isa = PBXBuildFile; fileRef = A11FBC7B1CD876460029DAC8 /* top10Iterms.plist */; };
		A16885CF1CBF469300338353 /* ASThreadsController.m in Sources */ = {isa = PBXBuildFile; fileRef = A16885CE1CBF469300338353 /* ASThreadsController.m */; };
		A16885DA1CC0D4E100338353 /* ASThreadsTitleCell.m in Sources */ = {isa = PBXBuildFile; fileRef = A16885D81CC0D4E100338353 /* ASThreadsTitleCell.m */; };
		A16885DB1CC0D4E100338353 /* ASThreadsTitleCell.xib in Resources */ = {isa = PBXBuildFile; fileRef = A16885D91CC0D4E100338353 /* ASThreadsTitleCell.xib */; };
		A16885DF1CC0D4F900338353 /* ASThreadsBodyCell.m in Sources */ = {isa = PBXBuildFile; fileRef = A16885DD1CC0D4F900338353 /* ASThreadsBodyCell.m */; };
		A16885E01CC0D4F900338353 /* ASThreadsBodyCell.xib in Resources */ = {isa = PBXBuildFile; fileRef = A16885DE1CC0D4F900338353 /* ASThreadsBodyCell.xib */; };
		A16885E41CC0D51000338353 /* ASThreadsReplyCell.m in Sources */ = {isa = PBXBuildFile; fileRef = A16885E21CC0D51000338353 /* ASThreadsReplyCell.m */; };
		A16885E51CC0D51000338353 /* ASThreadsReplyCell.xib in Resources */ = {isa = PBXBuildFile; fileRef = A16885E31CC0D51000338353 /* ASThreadsReplyCell.xib */; };
		A16E1A3D1CAD6B9500F7C1FA /* main.m in Sources */ = {isa = PBXBuildFile; fileRef = A16E1A3C1CAD6B9500F7C1FA /* main.m */; };
		A16E1A401CAD6B9500F7C1FA /* AppDelegate.m in Sources */ = {isa = PBXBuildFile; fileRef = A16E1A3F1CAD6B9500F7C1FA /* AppDelegate.m */; };
		A16E1A431CAD6B9500F7C1FA /* ViewController.m in Sources */ = {isa = PBXBuildFile; fileRef = A16E1A421CAD6B9500F7C1FA /* ViewController.m */; };
		A16E1A481CAD6B9500F7C1FA /* Assets.xcassets in Resources */ = {isa = PBXBuildFile; fileRef = A16E1A471CAD6B9500F7C1FA /* Assets.xcassets */; };
		A16E1A4B1CAD6B9500F7C1FA /* LaunchScreen.storyboard in Resources */ = {isa = PBXBuildFile; fileRef = A16E1A491CAD6B9500F7C1FA /* LaunchScreen.storyboard */; };
		A16E1A561CAD6B9500F7C1FA /* ASByrAppTests.m in Sources */ = {isa = PBXBuildFile; fileRef = A16E1A551CAD6B9500F7C1FA /* ASByrAppTests.m */; };
		A16E1A611CAD6B9500F7C1FA /* ASByrAppUITests.m in Sources */ = {isa = PBXBuildFile; fileRef = A16E1A601CAD6B9500F7C1FA /* ASByrAppUITests.m */; };
		A16E1A721CAE6A0B00F7C1FA /* ASTop10RootVC.m in Sources */ = {isa = PBXBuildFile; fileRef = A16E1A711CAE6A0B00F7C1FA /* ASTop10RootVC.m */; };
		A16E1A781CAEBACE00F7C1FA /* top10.png in Resources */ = {isa = PBXBuildFile; fileRef = A16E1A761CAEBACE00F7C1FA /* top10.png */; };
		A16E1A791CAEBACE00F7C1FA /* top10@2x.png in Resources */ = {isa = PBXBuildFile; fileRef = A16E1A771CAEBACE00F7C1FA /* top10@2x.png */; };
		A16E1A7D1CB24AE600F7C1FA /* ASBasicArticleListController.m in Sources */ = {isa = PBXBuildFile; fileRef = A16E1A7C1CB24AE600F7C1FA /* ASBasicArticleListController.m */; };
		A16E1A801CB25A0300F7C1FA /* ASTop10ListController.m in Sources */ = {isa = PBXBuildFile; fileRef = A16E1A7F1CB25A0300F7C1FA /* ASTop10ListController.m */; };
		A16E1A921CB49C2D00F7C1FA /* ASTop10Cell.m in Sources */ = {isa = PBXBuildFile; fileRef = A16E1A911CB49C2D00F7C1FA /* ASTop10Cell.m */; };
		A16E1A941CB4A40B00F7C1FA /* ASTop10Cell.xib in Resources */ = {isa = PBXBuildFile; fileRef = A16E1A931CB4A40B00F7C1FA /* ASTop10Cell.xib */; };
		A192A1581CE32AE40024C694 /* ASTop10SeperatorCell.m in Sources */ = {isa = PBXBuildFile; fileRef = A192A1571CE32AE40024C694 /* ASTop10SeperatorCell.m */; };
		A192A15A1CE32B030024C694 /* ASTop10SeperatorCell.xib in Resources */ = {isa = PBXBuildFile; fileRef = A192A1591CE32B030024C694 /* ASTop10SeperatorCell.xib */; };
		A192A15C1CE3312B0024C694 /* bg.jpg in Resources */ = {isa = PBXBuildFile; fileRef = A192A15B1CE3312B0024C694 /* bg.jpg */; };
		A192A15E1CE332760024C694 /* bg2.jpg in Resources */ = {isa = PBXBuildFile; fileRef = A192A15D1CE332760024C694 /* bg2.jpg */; };
		A192A1601CE33E6E0024C694 /* bg3.png in Resources */ = {isa = PBXBuildFile; fileRef = A192A15F1CE33E6E0024C694 /* bg3.png */; };
		A1A7FFCC1CB4E84D00AD6787 /* TestViewController.m in Sources */ = {isa = PBXBuildFile; fileRef = A1A7FFCB1CB4E84D00AD6787 /* TestViewController.m */; };
		A1BFB6361CC4BAB000FE5CA1 /* ASArticleListVC.m in Sources */ = {isa = PBXBuildFile; fileRef = A1BFB6351CC4BAB000FE5CA1 /* ASArticleListVC.m */; };
		A1BFB6451CC4CDED00FE5CA1 /* ASSectionListVC.m in Sources */ = {isa = PBXBuildFile; fileRef = A1BFB6441CC4CDED00FE5CA1 /* ASSectionListVC.m */; };
		A1C818DD1CCA162E00D535F6 /* ASKeyboard.m in Sources */ = {isa = PBXBuildFile; fileRef = A1C818DC1CCA162E00D535F6 /* ASKeyboard.m */; };
		A1C9433F1CE45FE4000D0667 /* arrow-right.png in Resources */ = {isa = PBXBuildFile; fileRef = A1C9433E1CE45FE4000D0667 /* arrow-right.png */; };
		A1E69CF91CB50D34001E9E27 /* Main.storyboard in Resources */ = {isa = PBXBuildFile; fileRef = A1E69CF81CB50D34001E9E27 /* Main.storyboard */; };
		A1E69D291CB7F147001E9E27 /* ASLoginController.m in Sources */ = {isa = PBXBuildFile; fileRef = A1E69D281CB7F147001E9E27 /* ASLoginController.m */; };
		A91776251CC76CD000ED84B3 /* XQSectionModel.m in Sources */ = {isa = PBXBuildFile; fileRef = A91776241CC76CD000ED84B3 /* XQSectionModel.m */; };
		A91776281CC76CE500ED84B3 /* XQBoardModel.m in Sources */ = {isa = PBXBuildFile; fileRef = A91776271CC76CE500ED84B3 /* XQBoardModel.m */; };
		A92633681CCCA30400B73F58 /* XQBoardListVC.m in Sources */ = {isa = PBXBuildFile; fileRef = A92633671CCCA30400B73F58 /* XQBoardListVC.m */; };
		A926336C1CCE515E00B73F58 /* RootSectionList.plist in Resources */ = {isa = PBXBuildFile; fileRef = A926336B1CCE515E00B73F58 /* RootSectionList.plist */; };
		A926336E1CCE53BD00B73F58 /* OtherSectionList.plist in Resources */ = {isa = PBXBuildFile; fileRef = A926336D1CCE53BD00B73F58 /* OtherSectionList.plist */; };
		A92FE6FE1CD8421F000A182F /* XQNewBoardViewCell.m in Sources */ = {isa = PBXBuildFile; fileRef = A92FE6FD1CD8421F000A182F /* XQNewBoardViewCell.m */; };
		A95F63741CDF33970060075E /* XQCollectArticleVC.m in Sources */ = {isa = PBXBuildFile; fileRef = A95F63731CDF33970060075E /* XQCollectArticleVC.m */; };
		A95F63771CDF33AE0060075E /* XQCollectBoardVC.m in Sources */ = {isa = PBXBuildFile; fileRef = A95F63761CDF33AE0060075E /* XQCollectBoardVC.m */; };
		A95F637A1CDF814F0060075E /* XQCollectiArticleCell.m in Sources */ = {isa = PBXBuildFile; fileRef = A95F63791CDF814F0060075E /* XQCollectiArticleCell.m */; };
		A95F637F1CE016850060075E /* XQCFrameLayout.m in Sources */ = {isa = PBXBuildFile; fileRef = A95F637E1CE016850060075E /* XQCFrameLayout.m */; };
		A95F63821CE427610060075E /* XQCLayoutAttributes.m in Sources */ = {isa = PBXBuildFile; fileRef = A95F63811CE427610060075E /* XQCLayoutAttributes.m */; };
		A96462B81CC0A3CB0086DEE6 /* UILabel+Extension.m in Sources */ = {isa = PBXBuildFile; fileRef = A96462B51CC0A3CB0086DEE6 /* UILabel+Extension.m */; };
		A96462B91CC0A3CB0086DEE6 /* UIColor+Hex.m in Sources */ = {isa = PBXBuildFile; fileRef = A96462B71CC0A3CB0086DEE6 /* UIColor+Hex.m */; };
		A96F5B771CC85F5400117F5E /* XQBoardView.m in Sources */ = {isa = PBXBuildFile; fileRef = A96F5B761CC85F5400117F5E /* XQBoardView.m */; };
		A96F5B791CC85F6F00117F5E /* XQBoardView.xib in Resources */ = {isa = PBXBuildFile; fileRef = A96F5B781CC85F6F00117F5E /* XQBoardView.xib */; };
		A96F5B7B1CC8CBE300117F5E /* color_board.plist in Resources */ = {isa = PBXBuildFile; fileRef = A96F5B7A1CC8CBE300117F5E /* color_board.plist */; };
/* End PBXBuildFile section */

/* Begin PBXContainerItemProxy section */
		A16E1A521CAD6B9500F7C1FA /* PBXContainerItemProxy */ = {
			isa = PBXContainerItemProxy;
			containerPortal = A16E1A301CAD6B9500F7C1FA /* Project object */;
			proxyType = 1;
			remoteGlobalIDString = A16E1A371CAD6B9500F7C1FA;
			remoteInfo = ASByrApp;
		};
		A16E1A5D1CAD6B9500F7C1FA /* PBXContainerItemProxy */ = {
			isa = PBXContainerItemProxy;
			containerPortal = A16E1A301CAD6B9500F7C1FA /* Project object */;
			proxyType = 1;
			remoteGlobalIDString = A16E1A371CAD6B9500F7C1FA;
			remoteInfo = ASByrApp;
		};
/* End PBXContainerItemProxy section */

/* Begin PBXFileReference section */
		421B8D67E827BF51D3568E76 /* Pods.release.xcconfig */ = {isa = PBXFileReference; includeInIndex = 1; lastKnownFileType = text.xcconfig; name = Pods.release.xcconfig; path = "Pods/Target Support Files/Pods/Pods.release.xcconfig"; sourceTree = "<group>"; };
		A11FBC6C1CD23F5E0029DAC8 /* plus.png */ = {isa = PBXFileReference; lastKnownFileType = image.png; path = plus.png; sourceTree = "<group>"; };
		A11FBC6E1CD240C30029DAC8 /* smile.png */ = {isa = PBXFileReference; lastKnownFileType = image.png; path = smile.png; sourceTree = "<group>"; };
		A11FBC701CD4DDC60029DAC8 /* ASTop10ManageVC.h */ = {isa = PBXFileReference; fileEncoding = 4; lastKnownFileType = sourcecode.c.h; path = ASTop10ManageVC.h; sourceTree = "<group>"; };
		A11FBC711CD4DDC60029DAC8 /* ASTop10ManageVC.m */ = {isa = PBXFileReference; fileEncoding = 4; lastKnownFileType = sourcecode.c.objc; path = ASTop10ManageVC.m; sourceTree = "<group>"; };
		A11FBC761CD50BF40029DAC8 /* ASTop10Manager.h */ = {isa = PBXFileReference; fileEncoding = 4; lastKnownFileType = sourcecode.c.h; path = ASTop10Manager.h; sourceTree = "<group>"; };
		A11FBC771CD50BF40029DAC8 /* ASTop10Manager.m */ = {isa = PBXFileReference; fileEncoding = 4; lastKnownFileType = sourcecode.c.objc; path = ASTop10Manager.m; sourceTree = "<group>"; };
		A11FBC7B1CD876460029DAC8 /* top10Iterms.plist */ = {isa = PBXFileReference; fileEncoding = 4; lastKnownFileType = text.plist.xml; name = top10Iterms.plist; path = ../top10Iterms.plist; sourceTree = "<group>"; };
		A16885CD1CBF469300338353 /* ASThreadsController.h */ = {isa = PBXFileReference; fileEncoding = 4; lastKnownFileType = sourcecode.c.h; path = ASThreadsController.h; sourceTree = "<group>"; };
		A16885CE1CBF469300338353 /* ASThreadsController.m */ = {isa = PBXFileReference; fileEncoding = 4; lastKnownFileType = sourcecode.c.objc; path = ASThreadsController.m; sourceTree = "<group>"; };
		A16885D71CC0D4E100338353 /* ASThreadsTitleCell.h */ = {isa = PBXFileReference; fileEncoding = 4; lastKnownFileType = sourcecode.c.h; path = ASThreadsTitleCell.h; sourceTree = "<group>"; };
		A16885D81CC0D4E100338353 /* ASThreadsTitleCell.m */ = {isa = PBXFileReference; fileEncoding = 4; lastKnownFileType = sourcecode.c.objc; path = ASThreadsTitleCell.m; sourceTree = "<group>"; };
		A16885D91CC0D4E100338353 /* ASThreadsTitleCell.xib */ = {isa = PBXFileReference; fileEncoding = 4; lastKnownFileType = file.xib; path = ASThreadsTitleCell.xib; sourceTree = "<group>"; };
		A16885DC1CC0D4F900338353 /* ASThreadsBodyCell.h */ = {isa = PBXFileReference; fileEncoding = 4; lastKnownFileType = sourcecode.c.h; path = ASThreadsBodyCell.h; sourceTree = "<group>"; };
		A16885DD1CC0D4F900338353 /* ASThreadsBodyCell.m */ = {isa = PBXFileReference; fileEncoding = 4; lastKnownFileType = sourcecode.c.objc; path = ASThreadsBodyCell.m; sourceTree = "<group>"; };
		A16885DE1CC0D4F900338353 /* ASThreadsBodyCell.xib */ = {isa = PBXFileReference; fileEncoding = 4; lastKnownFileType = file.xib; path = ASThreadsBodyCell.xib; sourceTree = "<group>"; };
		A16885E11CC0D51000338353 /* ASThreadsReplyCell.h */ = {isa = PBXFileReference; fileEncoding = 4; lastKnownFileType = sourcecode.c.h; path = ASThreadsReplyCell.h; sourceTree = "<group>"; };
		A16885E21CC0D51000338353 /* ASThreadsReplyCell.m */ = {isa = PBXFileReference; fileEncoding = 4; lastKnownFileType = sourcecode.c.objc; path = ASThreadsReplyCell.m; sourceTree = "<group>"; };
		A16885E31CC0D51000338353 /* ASThreadsReplyCell.xib */ = {isa = PBXFileReference; fileEncoding = 4; lastKnownFileType = file.xib; path = ASThreadsReplyCell.xib; sourceTree = "<group>"; };
		A16E1A381CAD6B9500F7C1FA /* ASByrApp.app */ = {isa = PBXFileReference; explicitFileType = wrapper.application; includeInIndex = 0; path = ASByrApp.app; sourceTree = BUILT_PRODUCTS_DIR; };
		A16E1A3C1CAD6B9500F7C1FA /* main.m */ = {isa = PBXFileReference; lastKnownFileType = sourcecode.c.objc; path = main.m; sourceTree = "<group>"; };
		A16E1A3E1CAD6B9500F7C1FA /* AppDelegate.h */ = {isa = PBXFileReference; lastKnownFileType = sourcecode.c.h; path = AppDelegate.h; sourceTree = "<group>"; };
		A16E1A3F1CAD6B9500F7C1FA /* AppDelegate.m */ = {isa = PBXFileReference; lastKnownFileType = sourcecode.c.objc; path = AppDelegate.m; sourceTree = "<group>"; };
		A16E1A411CAD6B9500F7C1FA /* ViewController.h */ = {isa = PBXFileReference; lastKnownFileType = sourcecode.c.h; path = ViewController.h; sourceTree = "<group>"; };
		A16E1A421CAD6B9500F7C1FA /* ViewController.m */ = {isa = PBXFileReference; lastKnownFileType = sourcecode.c.objc; path = ViewController.m; sourceTree = "<group>"; };
		A16E1A471CAD6B9500F7C1FA /* Assets.xcassets */ = {isa = PBXFileReference; lastKnownFileType = folder.assetcatalog; path = Assets.xcassets; sourceTree = "<group>"; };
		A16E1A4A1CAD6B9500F7C1FA /* Base */ = {isa = PBXFileReference; lastKnownFileType = file.storyboard; name = Base; path = Base.lproj/LaunchScreen.storyboard; sourceTree = "<group>"; };
		A16E1A4C1CAD6B9500F7C1FA /* Info.plist */ = {isa = PBXFileReference; lastKnownFileType = text.plist.xml; path = Info.plist; sourceTree = "<group>"; };
		A16E1A511CAD6B9500F7C1FA /* ASByrAppTests.xctest */ = {isa = PBXFileReference; explicitFileType = wrapper.cfbundle; includeInIndex = 0; path = ASByrAppTests.xctest; sourceTree = BUILT_PRODUCTS_DIR; };
		A16E1A551CAD6B9500F7C1FA /* ASByrAppTests.m */ = {isa = PBXFileReference; lastKnownFileType = sourcecode.c.objc; path = ASByrAppTests.m; sourceTree = "<group>"; };
		A16E1A571CAD6B9500F7C1FA /* Info.plist */ = {isa = PBXFileReference; lastKnownFileType = text.plist.xml; path = Info.plist; sourceTree = "<group>"; };
		A16E1A5C1CAD6B9500F7C1FA /* ASByrAppUITests.xctest */ = {isa = PBXFileReference; explicitFileType = wrapper.cfbundle; includeInIndex = 0; path = ASByrAppUITests.xctest; sourceTree = BUILT_PRODUCTS_DIR; };
		A16E1A601CAD6B9500F7C1FA /* ASByrAppUITests.m */ = {isa = PBXFileReference; lastKnownFileType = sourcecode.c.objc; path = ASByrAppUITests.m; sourceTree = "<group>"; };
		A16E1A621CAD6B9500F7C1FA /* Info.plist */ = {isa = PBXFileReference; lastKnownFileType = text.plist.xml; path = Info.plist; sourceTree = "<group>"; };
		A16E1A701CAE6A0B00F7C1FA /* ASTop10RootVC.h */ = {isa = PBXFileReference; fileEncoding = 4; lastKnownFileType = sourcecode.c.h; path = ASTop10RootVC.h; sourceTree = "<group>"; };
		A16E1A711CAE6A0B00F7C1FA /* ASTop10RootVC.m */ = {isa = PBXFileReference; fileEncoding = 4; lastKnownFileType = sourcecode.c.objc; path = ASTop10RootVC.m; sourceTree = "<group>"; };
		A16E1A761CAEBACE00F7C1FA /* top10.png */ = {isa = PBXFileReference; lastKnownFileType = image.png; path = top10.png; sourceTree = "<group>"; };
		A16E1A771CAEBACE00F7C1FA /* top10@2x.png */ = {isa = PBXFileReference; lastKnownFileType = image.png; path = "top10@2x.png"; sourceTree = "<group>"; };
		A16E1A7B1CB24AE600F7C1FA /* ASBasicArticleListController.h */ = {isa = PBXFileReference; fileEncoding = 4; lastKnownFileType = sourcecode.c.h; path = ASBasicArticleListController.h; sourceTree = "<group>"; };
		A16E1A7C1CB24AE600F7C1FA /* ASBasicArticleListController.m */ = {isa = PBXFileReference; fileEncoding = 4; lastKnownFileType = sourcecode.c.objc; path = ASBasicArticleListController.m; sourceTree = "<group>"; };
		A16E1A7E1CB25A0300F7C1FA /* ASTop10ListController.h */ = {isa = PBXFileReference; fileEncoding = 4; lastKnownFileType = sourcecode.c.h; path = ASTop10ListController.h; sourceTree = "<group>"; };
		A16E1A7F1CB25A0300F7C1FA /* ASTop10ListController.m */ = {isa = PBXFileReference; fileEncoding = 4; lastKnownFileType = sourcecode.c.objc; path = ASTop10ListController.m; sourceTree = "<group>"; };
		A16E1A841CB2BCC500F7C1FA /* ASConfig.h */ = {isa = PBXFileReference; lastKnownFileType = sourcecode.c.h; path = ASConfig.h; sourceTree = "<group>"; };
		A16E1A901CB49C2D00F7C1FA /* ASTop10Cell.h */ = {isa = PBXFileReference; fileEncoding = 4; lastKnownFileType = sourcecode.c.h; path = ASTop10Cell.h; sourceTree = "<group>"; };
		A16E1A911CB49C2D00F7C1FA /* ASTop10Cell.m */ = {isa = PBXFileReference; fileEncoding = 4; lastKnownFileType = sourcecode.c.objc; path = ASTop10Cell.m; sourceTree = "<group>"; };
		A16E1A931CB4A40B00F7C1FA /* ASTop10Cell.xib */ = {isa = PBXFileReference; fileEncoding = 4; lastKnownFileType = file.xib; path = ASTop10Cell.xib; sourceTree = "<group>"; };
		A192A1561CE32AE40024C694 /* ASTop10SeperatorCell.h */ = {isa = PBXFileReference; fileEncoding = 4; lastKnownFileType = sourcecode.c.h; path = ASTop10SeperatorCell.h; sourceTree = "<group>"; };
		A192A1571CE32AE40024C694 /* ASTop10SeperatorCell.m */ = {isa = PBXFileReference; fileEncoding = 4; lastKnownFileType = sourcecode.c.objc; path = ASTop10SeperatorCell.m; sourceTree = "<group>"; };
		A192A1591CE32B030024C694 /* ASTop10SeperatorCell.xib */ = {isa = PBXFileReference; fileEncoding = 4; lastKnownFileType = file.xib; path = ASTop10SeperatorCell.xib; sourceTree = "<group>"; };
		A192A15B1CE3312B0024C694 /* bg.jpg */ = {isa = PBXFileReference; lastKnownFileType = image.jpeg; path = bg.jpg; sourceTree = "<group>"; };
		A192A15D1CE332760024C694 /* bg2.jpg */ = {isa = PBXFileReference; lastKnownFileType = image.jpeg; path = bg2.jpg; sourceTree = "<group>"; };
		A192A15F1CE33E6E0024C694 /* bg3.png */ = {isa = PBXFileReference; lastKnownFileType = image.png; path = bg3.png; sourceTree = "<group>"; };
		A1A7FFCA1CB4E84D00AD6787 /* TestViewController.h */ = {isa = PBXFileReference; fileEncoding = 4; lastKnownFileType = sourcecode.c.h; path = TestViewController.h; sourceTree = "<group>"; };
		A1A7FFCB1CB4E84D00AD6787 /* TestViewController.m */ = {isa = PBXFileReference; fileEncoding = 4; lastKnownFileType = sourcecode.c.objc; path = TestViewController.m; sourceTree = "<group>"; };
		A1BFB6341CC4BAB000FE5CA1 /* ASArticleListVC.h */ = {isa = PBXFileReference; fileEncoding = 4; lastKnownFileType = sourcecode.c.h; path = ASArticleListVC.h; sourceTree = "<group>"; };
		A1BFB6351CC4BAB000FE5CA1 /* ASArticleListVC.m */ = {isa = PBXFileReference; fileEncoding = 4; lastKnownFileType = sourcecode.c.objc; path = ASArticleListVC.m; sourceTree = "<group>"; };
		A1BFB6431CC4CDED00FE5CA1 /* ASSectionListVC.h */ = {isa = PBXFileReference; fileEncoding = 4; lastKnownFileType = sourcecode.c.h; path = ASSectionListVC.h; sourceTree = "<group>"; };
		A1BFB6441CC4CDED00FE5CA1 /* ASSectionListVC.m */ = {isa = PBXFileReference; fileEncoding = 4; lastKnownFileType = sourcecode.c.objc; path = ASSectionListVC.m; sourceTree = "<group>"; };
		A1C818DB1CCA162E00D535F6 /* ASKeyboard.h */ = {isa = PBXFileReference; fileEncoding = 4; lastKnownFileType = sourcecode.c.h; path = ASKeyboard.h; sourceTree = "<group>"; };
		A1C818DC1CCA162E00D535F6 /* ASKeyboard.m */ = {isa = PBXFileReference; fileEncoding = 4; lastKnownFileType = sourcecode.c.objc; path = ASKeyboard.m; sourceTree = "<group>"; };
		A1C9433E1CE45FE4000D0667 /* arrow-right.png */ = {isa = PBXFileReference; lastKnownFileType = image.png; path = "arrow-right.png"; sourceTree = "<group>"; };
		A1E69CF81CB50D34001E9E27 /* Main.storyboard */ = {isa = PBXFileReference; fileEncoding = 4; lastKnownFileType = file.storyboard; path = Main.storyboard; sourceTree = "<group>"; };
		A1E69D271CB7F147001E9E27 /* ASLoginController.h */ = {isa = PBXFileReference; fileEncoding = 4; lastKnownFileType = sourcecode.c.h; path = ASLoginController.h; sourceTree = "<group>"; };
		A1E69D281CB7F147001E9E27 /* ASLoginController.m */ = {isa = PBXFileReference; fileEncoding = 4; lastKnownFileType = sourcecode.c.objc; path = ASLoginController.m; sourceTree = "<group>"; };
		A91776231CC76CD000ED84B3 /* XQSectionModel.h */ = {isa = PBXFileReference; fileEncoding = 4; lastKnownFileType = sourcecode.c.h; path = XQSectionModel.h; sourceTree = "<group>"; };
		A91776241CC76CD000ED84B3 /* XQSectionModel.m */ = {isa = PBXFileReference; fileEncoding = 4; lastKnownFileType = sourcecode.c.objc; path = XQSectionModel.m; sourceTree = "<group>"; };
		A91776261CC76CE500ED84B3 /* XQBoardModel.h */ = {isa = PBXFileReference; fileEncoding = 4; lastKnownFileType = sourcecode.c.h; path = XQBoardModel.h; sourceTree = "<group>"; };
		A91776271CC76CE500ED84B3 /* XQBoardModel.m */ = {isa = PBXFileReference; fileEncoding = 4; lastKnownFileType = sourcecode.c.objc; path = XQBoardModel.m; sourceTree = "<group>"; };
		A92633661CCCA30400B73F58 /* XQBoardListVC.h */ = {isa = PBXFileReference; fileEncoding = 4; lastKnownFileType = sourcecode.c.h; path = XQBoardListVC.h; sourceTree = "<group>"; };
		A92633671CCCA30400B73F58 /* XQBoardListVC.m */ = {isa = PBXFileReference; fileEncoding = 4; lastKnownFileType = sourcecode.c.objc; path = XQBoardListVC.m; sourceTree = "<group>"; };
		A926336B1CCE515E00B73F58 /* RootSectionList.plist */ = {isa = PBXFileReference; fileEncoding = 4; lastKnownFileType = text.plist.xml; path = RootSectionList.plist; sourceTree = "<group>"; };
		A926336D1CCE53BD00B73F58 /* OtherSectionList.plist */ = {isa = PBXFileReference; fileEncoding = 4; lastKnownFileType = text.plist.xml; path = OtherSectionList.plist; sourceTree = "<group>"; };
		A92FE6FC1CD8421F000A182F /* XQNewBoardViewCell.h */ = {isa = PBXFileReference; fileEncoding = 4; lastKnownFileType = sourcecode.c.h; path = XQNewBoardViewCell.h; sourceTree = "<group>"; };
		A92FE6FD1CD8421F000A182F /* XQNewBoardViewCell.m */ = {isa = PBXFileReference; fileEncoding = 4; lastKnownFileType = sourcecode.c.objc; path = XQNewBoardViewCell.m; sourceTree = "<group>"; };
		A95F63721CDF33960060075E /* XQCollectArticleVC.h */ = {isa = PBXFileReference; fileEncoding = 4; lastKnownFileType = sourcecode.c.h; path = XQCollectArticleVC.h; sourceTree = "<group>"; };
		A95F63731CDF33970060075E /* XQCollectArticleVC.m */ = {isa = PBXFileReference; fileEncoding = 4; lastKnownFileType = sourcecode.c.objc; path = XQCollectArticleVC.m; sourceTree = "<group>"; };
		A95F63751CDF33AE0060075E /* XQCollectBoardVC.h */ = {isa = PBXFileReference; fileEncoding = 4; lastKnownFileType = sourcecode.c.h; path = XQCollectBoardVC.h; sourceTree = "<group>"; };
		A95F63761CDF33AE0060075E /* XQCollectBoardVC.m */ = {isa = PBXFileReference; fileEncoding = 4; lastKnownFileType = sourcecode.c.objc; path = XQCollectBoardVC.m; sourceTree = "<group>"; };
		A95F63781CDF814F0060075E /* XQCollectiArticleCell.h */ = {isa = PBXFileReference; fileEncoding = 4; lastKnownFileType = sourcecode.c.h; path = XQCollectiArticleCell.h; sourceTree = "<group>"; };
		A95F63791CDF814F0060075E /* XQCollectiArticleCell.m */ = {isa = PBXFileReference; fileEncoding = 4; lastKnownFileType = sourcecode.c.objc; path = XQCollectiArticleCell.m; sourceTree = "<group>"; };
		A95F637C1CDF86A00060075E /* XQConstant.h */ = {isa = PBXFileReference; lastKnownFileType = sourcecode.c.h; path = XQConstant.h; sourceTree = "<group>"; };
		A95F637D1CE016840060075E /* XQCFrameLayout.h */ = {isa = PBXFileReference; fileEncoding = 4; lastKnownFileType = sourcecode.c.h; path = XQCFrameLayout.h; sourceTree = "<group>"; };
		A95F637E1CE016850060075E /* XQCFrameLayout.m */ = {isa = PBXFileReference; fileEncoding = 4; lastKnownFileType = sourcecode.c.objc; path = XQCFrameLayout.m; sourceTree = "<group>"; };
		A95F63801CE427610060075E /* XQCLayoutAttributes.h */ = {isa = PBXFileReference; fileEncoding = 4; lastKnownFileType = sourcecode.c.h; path = XQCLayoutAttributes.h; sourceTree = "<group>"; };
		A95F63811CE427610060075E /* XQCLayoutAttributes.m */ = {isa = PBXFileReference; fileEncoding = 4; lastKnownFileType = sourcecode.c.objc; path = XQCLayoutAttributes.m; sourceTree = "<group>"; };
		A96462B41CC0A3CB0086DEE6 /* UIColor+Hex.h */ = {isa = PBXFileReference; fileEncoding = 4; lastKnownFileType = sourcecode.c.h; path = "UIColor+Hex.h"; sourceTree = "<group>"; };
		A96462B51CC0A3CB0086DEE6 /* UILabel+Extension.m */ = {isa = PBXFileReference; fileEncoding = 4; lastKnownFileType = sourcecode.c.objc; path = "UILabel+Extension.m"; sourceTree = "<group>"; };
		A96462B61CC0A3CB0086DEE6 /* UILabel+Extension.h */ = {isa = PBXFileReference; fileEncoding = 4; lastKnownFileType = sourcecode.c.h; path = "UILabel+Extension.h"; sourceTree = "<group>"; };
		A96462B71CC0A3CB0086DEE6 /* UIColor+Hex.m */ = {isa = PBXFileReference; fileEncoding = 4; lastKnownFileType = sourcecode.c.objc; path = "UIColor+Hex.m"; sourceTree = "<group>"; };
		A96F5B751CC85F5400117F5E /* XQBoardView.h */ = {isa = PBXFileReference; fileEncoding = 4; lastKnownFileType = sourcecode.c.h; path = XQBoardView.h; sourceTree = "<group>"; };
		A96F5B761CC85F5400117F5E /* XQBoardView.m */ = {isa = PBXFileReference; fileEncoding = 4; lastKnownFileType = sourcecode.c.objc; path = XQBoardView.m; sourceTree = "<group>"; };
		A96F5B781CC85F6F00117F5E /* XQBoardView.xib */ = {isa = PBXFileReference; fileEncoding = 4; lastKnownFileType = file.xib; path = XQBoardView.xib; sourceTree = "<group>"; };
		A96F5B7A1CC8CBE300117F5E /* color_board.plist */ = {isa = PBXFileReference; fileEncoding = 4; lastKnownFileType = text.plist.xml; path = color_board.plist; sourceTree = "<group>"; };
		AC1202C2F4ED3D9C792EC2FC /* Pods.debug.xcconfig */ = {isa = PBXFileReference; includeInIndex = 1; lastKnownFileType = text.xcconfig; name = Pods.debug.xcconfig; path = "Pods/Target Support Files/Pods/Pods.debug.xcconfig"; sourceTree = "<group>"; };
		DC4FFF6330EA431E2C06640A /* libPods.a */ = {isa = PBXFileReference; explicitFileType = archive.ar; includeInIndex = 0; path = libPods.a; sourceTree = BUILT_PRODUCTS_DIR; };
/* End PBXFileReference section */

/* Begin PBXFrameworksBuildPhase section */
		A16E1A351CAD6B9500F7C1FA /* Frameworks */ = {
			isa = PBXFrameworksBuildPhase;
			buildActionMask = 2147483647;
			files = (
				69A70CC2CD72454EC7843F71 /* libPods.a in Frameworks */,
			);
			runOnlyForDeploymentPostprocessing = 0;
		};
		A16E1A4E1CAD6B9500F7C1FA /* Frameworks */ = {
			isa = PBXFrameworksBuildPhase;
			buildActionMask = 2147483647;
			files = (
			);
			runOnlyForDeploymentPostprocessing = 0;
		};
		A16E1A591CAD6B9500F7C1FA /* Frameworks */ = {
			isa = PBXFrameworksBuildPhase;
			buildActionMask = 2147483647;
			files = (
			);
			runOnlyForDeploymentPostprocessing = 0;
		};
/* End PBXFrameworksBuildPhase section */

/* Begin PBXGroup section */
		A11FBC751CD50BC50029DAC8 /* model */ = {
			isa = PBXGroup;
			children = (
				A11FBC761CD50BF40029DAC8 /* ASTop10Manager.h */,
				A11FBC771CD50BF40029DAC8 /* ASTop10Manager.m */,
			);
			name = model;
			sourceTree = "<group>";
		};
		A16885D01CC0D22D00338353 /* threads(帖子详情) */ = {
			isa = PBXGroup;
			children = (
				A16885D11CC0D24400338353 /* view */,
				A16885CD1CBF469300338353 /* ASThreadsController.h */,
				A16885CE1CBF469300338353 /* ASThreadsController.m */,
			);
			name = "threads(帖子详情)";
			sourceTree = "<group>";
		};
		A16885D11CC0D24400338353 /* view */ = {
			isa = PBXGroup;
			children = (
				A16885D71CC0D4E100338353 /* ASThreadsTitleCell.h */,
				A16885D81CC0D4E100338353 /* ASThreadsTitleCell.m */,
				A16885D91CC0D4E100338353 /* ASThreadsTitleCell.xib */,
				A16885DC1CC0D4F900338353 /* ASThreadsBodyCell.h */,
				A16885DD1CC0D4F900338353 /* ASThreadsBodyCell.m */,
				A16885DE1CC0D4F900338353 /* ASThreadsBodyCell.xib */,
				A16885E11CC0D51000338353 /* ASThreadsReplyCell.h */,
				A16885E21CC0D51000338353 /* ASThreadsReplyCell.m */,
				A16885E31CC0D51000338353 /* ASThreadsReplyCell.xib */,
			);
			name = view;
			sourceTree = "<group>";
		};
		A16E1A2F1CAD6B9500F7C1FA = {
			isa = PBXGroup;
			children = (
				A16E1A3A1CAD6B9500F7C1FA /* ASByrApp */,
				A16E1A541CAD6B9500F7C1FA /* ASByrAppTests */,
				A16E1A5F1CAD6B9500F7C1FA /* ASByrAppUITests */,
				F90F45AE7F75B8768CDC9C36 /* Pods */,
				D0F4189284D48070AE905568 /* Frameworks */,
			);
			sourceTree = "<group>";
		};
		A16E1A391CAD6B9500F7C1FA /* Products */ = {
			isa = PBXGroup;
			children = (
				A16E1A381CAD6B9500F7C1FA /* ASByrApp.app */,
				A16E1A511CAD6B9500F7C1FA /* ASByrAppTests.xctest */,
				A16E1A5C1CAD6B9500F7C1FA /* ASByrAppUITests.xctest */,
			);
			name = Products;
			path = ..;
			sourceTree = "<group>";
		};
		A16E1A3A1CAD6B9500F7C1FA /* ASByrApp */ = {
			isa = PBXGroup;
			children = (
				A16E1A7A1CB246C000F7C1FA /* common */,
				A16E1A731CAEB85800F7C1FA /* images */,
				A1A7FFC91CB4E82E00AD6787 /* test */,
				A95F636B1CDF0CAE0060075E /* Collection(收藏) */,
				A1BFB6331CC4B5A700FE5CA1 /* SectionList(版面列表) */,
				A16E1A6F1CAE69B100F7C1FA /* Top10(十大) */,
				A16E1A6E1CAE5A0000F7C1FA /* AppDelegate */,
				A16E1A471CAD6B9500F7C1FA /* Assets.xcassets */,
				A16E1A491CAD6B9500F7C1FA /* LaunchScreen.storyboard */,
				A926336B1CCE515E00B73F58 /* RootSectionList.plist */,
				A96F5B7A1CC8CBE300117F5E /* color_board.plist */,
				A11FBC7B1CD876460029DAC8 /* top10Iterms.plist */,
				A16E1A4C1CAD6B9500F7C1FA /* Info.plist */,
				A16E1A3B1CAD6B9500F7C1FA /* Supporting Files */,
				A926336D1CCE53BD00B73F58 /* OtherSectionList.plist */,
			);
			path = ASByrApp;
			sourceTree = "<group>";
		};
		A16E1A3B1CAD6B9500F7C1FA /* Supporting Files */ = {
			isa = PBXGroup;
			children = (
				A16E1A3C1CAD6B9500F7C1FA /* main.m */,
			);
			name = "Supporting Files";
			sourceTree = "<group>";
		};
		A16E1A541CAD6B9500F7C1FA /* ASByrAppTests */ = {
			isa = PBXGroup;
			children = (
				A16E1A551CAD6B9500F7C1FA /* ASByrAppTests.m */,
				A16E1A571CAD6B9500F7C1FA /* Info.plist */,
			);
			path = ASByrAppTests;
			sourceTree = "<group>";
		};
		A16E1A5F1CAD6B9500F7C1FA /* ASByrAppUITests */ = {
			isa = PBXGroup;
			children = (
				A16E1A391CAD6B9500F7C1FA /* Products */,
				A16E1A601CAD6B9500F7C1FA /* ASByrAppUITests.m */,
				A16E1A621CAD6B9500F7C1FA /* Info.plist */,
			);
			path = ASByrAppUITests;
			sourceTree = "<group>";
		};
		A16E1A6E1CAE5A0000F7C1FA /* AppDelegate */ = {
			isa = PBXGroup;
			children = (
				A16E1A3E1CAD6B9500F7C1FA /* AppDelegate.h */,
				A16E1A3F1CAD6B9500F7C1FA /* AppDelegate.m */,
				A16E1A411CAD6B9500F7C1FA /* ViewController.h */,
				A16E1A421CAD6B9500F7C1FA /* ViewController.m */,
			);
			name = AppDelegate;
			sourceTree = "<group>";
		};
		A16E1A6F1CAE69B100F7C1FA /* Top10(十大) */ = {
			isa = PBXGroup;
			children = (
				A11FBC751CD50BC50029DAC8 /* model */,
				A16E1A8B1CB3FD3600F7C1FA /* view */,
				A16E1A701CAE6A0B00F7C1FA /* ASTop10RootVC.h */,
				A16E1A711CAE6A0B00F7C1FA /* ASTop10RootVC.m */,
				A16E1A7E1CB25A0300F7C1FA /* ASTop10ListController.h */,
				A16E1A7F1CB25A0300F7C1FA /* ASTop10ListController.m */,
				A11FBC701CD4DDC60029DAC8 /* ASTop10ManageVC.h */,
				A11FBC711CD4DDC60029DAC8 /* ASTop10ManageVC.m */,
			);
			name = "Top10(十大)";
			sourceTree = "<group>";
		};
		A16E1A731CAEB85800F7C1FA /* images */ = {
			isa = PBXGroup;
			children = (
				A1C9433E1CE45FE4000D0667 /* arrow-right.png */,
				A192A15F1CE33E6E0024C694 /* bg3.png */,
				A192A15D1CE332760024C694 /* bg2.jpg */,
				A192A15B1CE3312B0024C694 /* bg.jpg */,
				A1BFB6121CC4891500FE5CA1 /* icons */,
				A16E1A761CAEBACE00F7C1FA /* top10.png */,
				A16E1A771CAEBACE00F7C1FA /* top10@2x.png */,
			);
			name = images;
			sourceTree = "<group>";
		};
		A16E1A7A1CB246C000F7C1FA /* common */ = {
			isa = PBXGroup;
			children = (
				A1BFB6551CC60D4300FE5CA1 /* keyboard */,
				A16885D01CC0D22D00338353 /* threads(帖子详情) */,
				A96462B41CC0A3CB0086DEE6 /* UIColor+Hex.h */,
				A96462B71CC0A3CB0086DEE6 /* UIColor+Hex.m */,
				A96462B51CC0A3CB0086DEE6 /* UILabel+Extension.m */,
				A96462B61CC0A3CB0086DEE6 /* UILabel+Extension.h */,
				A16E1A7B1CB24AE600F7C1FA /* ASBasicArticleListController.h */,
				A16E1A7C1CB24AE600F7C1FA /* ASBasicArticleListController.m */,
				A16E1A841CB2BCC500F7C1FA /* ASConfig.h */,
				A1E69D271CB7F147001E9E27 /* ASLoginController.h */,
				A1E69D281CB7F147001E9E27 /* ASLoginController.m */,
				A95F637C1CDF86A00060075E /* XQConstant.h */,
			);
			name = common;
			sourceTree = "<group>";
		};
		A16E1A8B1CB3FD3600F7C1FA /* view */ = {
			isa = PBXGroup;
			children = (
				A16E1A901CB49C2D00F7C1FA /* ASTop10Cell.h */,
				A16E1A911CB49C2D00F7C1FA /* ASTop10Cell.m */,
				A16E1A931CB4A40B00F7C1FA /* ASTop10Cell.xib */,
				A192A1561CE32AE40024C694 /* ASTop10SeperatorCell.h */,
				A192A1571CE32AE40024C694 /* ASTop10SeperatorCell.m */,
				A192A1591CE32B030024C694 /* ASTop10SeperatorCell.xib */,
			);
			name = view;
			sourceTree = "<group>";
		};
		A1A7FFC91CB4E82E00AD6787 /* test */ = {
			isa = PBXGroup;
			children = (
				A1A7FFCA1CB4E84D00AD6787 /* TestViewController.h */,
				A1A7FFCB1CB4E84D00AD6787 /* TestViewController.m */,
				A1E69CF81CB50D34001E9E27 /* Main.storyboard */,
			);
			name = test;
			sourceTree = "<group>";
		};
		A1BFB6121CC4891500FE5CA1 /* icons */ = {
			isa = PBXGroup;
			children = (
				A11FBC6E1CD240C30029DAC8 /* smile.png */,
				A11FBC6C1CD23F5E0029DAC8 /* plus.png */,
			);
			name = icons;
			sourceTree = "<group>";
		};
		A1BFB6331CC4B5A700FE5CA1 /* SectionList(版面列表) */ = {
			isa = PBXGroup;
			children = (
				A96F5B741CC85E5400117F5E /* BooardView */,
				A96462B31CC0A3B40086DEE6 /* Board(版面) */,
				A1BFB6341CC4BAB000FE5CA1 /* ASArticleListVC.h */,
				A1BFB6351CC4BAB000FE5CA1 /* ASArticleListVC.m */,
				A1BFB6431CC4CDED00FE5CA1 /* ASSectionListVC.h */,
				A1BFB6441CC4CDED00FE5CA1 /* ASSectionListVC.m */,
				A92633661CCCA30400B73F58 /* XQBoardListVC.h */,
				A92633671CCCA30400B73F58 /* XQBoardListVC.m */,
			);
			name = "SectionList(版面列表)";
			path = ..;
			sourceTree = "<group>";
		};
		A1BFB6551CC60D4300FE5CA1 /* keyboard */ = {
			isa = PBXGroup;
			children = (
				A1C818DB1CCA162E00D535F6 /* ASKeyboard.h */,
				A1C818DC1CCA162E00D535F6 /* ASKeyboard.m */,
			);
			name = keyboard;
			sourceTree = "<group>";
		};
		A95F636B1CDF0CAE0060075E /* Collection(收藏) */ = {
			isa = PBXGroup;
			children = (
				A95F637B1CDF81570060075E /* view */,
				A95F63721CDF33960060075E /* XQCollectArticleVC.h */,
				A95F63731CDF33970060075E /* XQCollectArticleVC.m */,
				A95F63751CDF33AE0060075E /* XQCollectBoardVC.h */,
				A95F63761CDF33AE0060075E /* XQCollectBoardVC.m */,
				A95F637D1CE016840060075E /* XQCFrameLayout.h */,
				A95F637E1CE016850060075E /* XQCFrameLayout.m */,
				A95F63801CE427610060075E /* XQCLayoutAttributes.h */,
				A95F63811CE427610060075E /* XQCLayoutAttributes.m */,
			);
			name = "Collection(收藏)";
			sourceTree = "<group>";
		};
		A95F637B1CDF81570060075E /* view */ = {
			isa = PBXGroup;
			children = (
				A95F63781CDF814F0060075E /* XQCollectiArticleCell.h */,
				A95F63791CDF814F0060075E /* XQCollectiArticleCell.m */,
			);
			name = view;
			sourceTree = "<group>";
		};
		A96462B31CC0A3B40086DEE6 /* Board(版面) */ = {
			isa = PBXGroup;
			children = (
				A91776231CC76CD000ED84B3 /* XQSectionModel.h */,
				A91776241CC76CD000ED84B3 /* XQSectionModel.m */,
				A91776261CC76CE500ED84B3 /* XQBoardModel.h */,
				A91776271CC76CE500ED84B3 /* XQBoardModel.m */,
			);
			name = "Board(版面)";
			path = ASByrApp;
			sourceTree = "<group>";
		};
		A96F5B741CC85E5400117F5E /* BooardView */ = {
			isa = PBXGroup;
			children = (
				A96F5B751CC85F5400117F5E /* XQBoardView.h */,
				A96F5B761CC85F5400117F5E /* XQBoardView.m */,
				A96F5B781CC85F6F00117F5E /* XQBoardView.xib */,
				A92FE6FC1CD8421F000A182F /* XQNewBoardViewCell.h */,
				A92FE6FD1CD8421F000A182F /* XQNewBoardViewCell.m */,
			);
			name = BooardView;
			sourceTree = "<group>";
		};
		D0F4189284D48070AE905568 /* Frameworks */ = {
			isa = PBXGroup;
			children = (
				DC4FFF6330EA431E2C06640A /* libPods.a */,
			);
			name = Frameworks;
			sourceTree = "<group>";
		};
		F90F45AE7F75B8768CDC9C36 /* Pods */ = {
			isa = PBXGroup;
			children = (
				AC1202C2F4ED3D9C792EC2FC /* Pods.debug.xcconfig */,
				421B8D67E827BF51D3568E76 /* Pods.release.xcconfig */,
			);
			name = Pods;
			sourceTree = "<group>";
		};
/* End PBXGroup section */

/* Begin PBXNativeTarget section */
		A16E1A371CAD6B9500F7C1FA /* ASByrApp */ = {
			isa = PBXNativeTarget;
			buildConfigurationList = A16E1A651CAD6B9500F7C1FA /* Build configuration list for PBXNativeTarget "ASByrApp" */;
			buildPhases = (
				8155728EE5F611DBD0E7E44D /* Check Pods Manifest.lock */,
				A16E1A341CAD6B9500F7C1FA /* Sources */,
				A16E1A351CAD6B9500F7C1FA /* Frameworks */,
				A16E1A361CAD6B9500F7C1FA /* Resources */,
				C096A2E99E593520F75D3C45 /* Copy Pods Resources */,
			);
			buildRules = (
			);
			dependencies = (
			);
			name = ASByrApp;
			productName = ASByrApp;
			productReference = A16E1A381CAD6B9500F7C1FA /* ASByrApp.app */;
			productType = "com.apple.product-type.application";
		};
		A16E1A501CAD6B9500F7C1FA /* ASByrAppTests */ = {
			isa = PBXNativeTarget;
			buildConfigurationList = A16E1A681CAD6B9500F7C1FA /* Build configuration list for PBXNativeTarget "ASByrAppTests" */;
			buildPhases = (
				A16E1A4D1CAD6B9500F7C1FA /* Sources */,
				A16E1A4E1CAD6B9500F7C1FA /* Frameworks */,
				A16E1A4F1CAD6B9500F7C1FA /* Resources */,
			);
			buildRules = (
			);
			dependencies = (
				A16E1A531CAD6B9500F7C1FA /* PBXTargetDependency */,
			);
			name = ASByrAppTests;
			productName = ASByrAppTests;
			productReference = A16E1A511CAD6B9500F7C1FA /* ASByrAppTests.xctest */;
			productType = "com.apple.product-type.bundle.unit-test";
		};
		A16E1A5B1CAD6B9500F7C1FA /* ASByrAppUITests */ = {
			isa = PBXNativeTarget;
			buildConfigurationList = A16E1A6B1CAD6B9500F7C1FA /* Build configuration list for PBXNativeTarget "ASByrAppUITests" */;
			buildPhases = (
				A16E1A581CAD6B9500F7C1FA /* Sources */,
				A16E1A591CAD6B9500F7C1FA /* Frameworks */,
				A16E1A5A1CAD6B9500F7C1FA /* Resources */,
			);
			buildRules = (
			);
			dependencies = (
				A16E1A5E1CAD6B9500F7C1FA /* PBXTargetDependency */,
			);
			name = ASByrAppUITests;
			productName = ASByrAppUITests;
			productReference = A16E1A5C1CAD6B9500F7C1FA /* ASByrAppUITests.xctest */;
			productType = "com.apple.product-type.bundle.ui-testing";
		};
/* End PBXNativeTarget section */

/* Begin PBXProject section */
		A16E1A301CAD6B9500F7C1FA /* Project object */ = {
			isa = PBXProject;
			attributes = {
				LastUpgradeCheck = 0720;
				ORGANIZATIONNAME = andy;
				TargetAttributes = {
					A16E1A371CAD6B9500F7C1FA = {
						CreatedOnToolsVersion = 7.2.1;
						DevelopmentTeam = BASG852M4V;
					};
					A16E1A501CAD6B9500F7C1FA = {
						CreatedOnToolsVersion = 7.2.1;
						DevelopmentTeam = 9E9C2ZNYDA;
						TestTargetID = A16E1A371CAD6B9500F7C1FA;
					};
					A16E1A5B1CAD6B9500F7C1FA = {
						CreatedOnToolsVersion = 7.2.1;
						DevelopmentTeam = 9E9C2ZNYDA;
						TestTargetID = A16E1A371CAD6B9500F7C1FA;
					};
				};
			};
			buildConfigurationList = A16E1A331CAD6B9500F7C1FA /* Build configuration list for PBXProject "ASByrApp" */;
			compatibilityVersion = "Xcode 3.2";
			developmentRegion = English;
			hasScannedForEncodings = 0;
			knownRegions = (
				en,
				Base,
			);
			mainGroup = A16E1A2F1CAD6B9500F7C1FA;
			productRefGroup = A16E1A391CAD6B9500F7C1FA /* Products */;
			projectDirPath = "";
			projectRoot = "";
			targets = (
				A16E1A371CAD6B9500F7C1FA /* ASByrApp */,
				A16E1A501CAD6B9500F7C1FA /* ASByrAppTests */,
				A16E1A5B1CAD6B9500F7C1FA /* ASByrAppUITests */,
			);
		};
/* End PBXProject section */

/* Begin PBXResourcesBuildPhase section */
		A16E1A361CAD6B9500F7C1FA /* Resources */ = {
			isa = PBXResourcesBuildPhase;
			buildActionMask = 2147483647;
			files = (
				A16E1A781CAEBACE00F7C1FA /* top10.png in Resources */,
				A16E1A791CAEBACE00F7C1FA /* top10@2x.png in Resources */,
				A926336C1CCE515E00B73F58 /* RootSectionList.plist in Resources */,
				A11FBC7C1CD876460029DAC8 /* top10Iterms.plist in Resources */,
				A16E1A941CB4A40B00F7C1FA /* ASTop10Cell.xib in Resources */,
				A96F5B791CC85F6F00117F5E /* XQBoardView.xib in Resources */,
				A16885E51CC0D51000338353 /* ASThreadsReplyCell.xib in Resources */,
				A16885E01CC0D4F900338353 /* ASThreadsBodyCell.xib in Resources */,
				A1E69CF91CB50D34001E9E27 /* Main.storyboard in Resources */,
				A192A15E1CE332760024C694 /* bg2.jpg in Resources */,
				A192A1601CE33E6E0024C694 /* bg3.png in Resources */,
				A1C9433F1CE45FE4000D0667 /* arrow-right.png in Resources */,
				A192A15C1CE3312B0024C694 /* bg.jpg in Resources */,
				A192A15A1CE32B030024C694 /* ASTop10SeperatorCell.xib in Resources */,
				A96F5B7B1CC8CBE300117F5E /* color_board.plist in Resources */,
				A16E1A4B1CAD6B9500F7C1FA /* LaunchScreen.storyboard in Resources */,
				A16E1A481CAD6B9500F7C1FA /* Assets.xcassets in Resources */,
				A11FBC6F1CD240C30029DAC8 /* smile.png in Resources */,
				A16885DB1CC0D4E100338353 /* ASThreadsTitleCell.xib in Resources */,
				A926336E1CCE53BD00B73F58 /* OtherSectionList.plist in Resources */,
				A11FBC6D1CD23F5E0029DAC8 /* plus.png in Resources */,
			);
			runOnlyForDeploymentPostprocessing = 0;
		};
		A16E1A4F1CAD6B9500F7C1FA /* Resources */ = {
			isa = PBXResourcesBuildPhase;
			buildActionMask = 2147483647;
			files = (
			);
			runOnlyForDeploymentPostprocessing = 0;
		};
		A16E1A5A1CAD6B9500F7C1FA /* Resources */ = {
			isa = PBXResourcesBuildPhase;
			buildActionMask = 2147483647;
			files = (
			);
			runOnlyForDeploymentPostprocessing = 0;
		};
/* End PBXResourcesBuildPhase section */

/* Begin PBXShellScriptBuildPhase section */
		8155728EE5F611DBD0E7E44D /* Check Pods Manifest.lock */ = {
			isa = PBXShellScriptBuildPhase;
			buildActionMask = 2147483647;
			files = (
			);
			inputPaths = (
			);
			name = "Check Pods Manifest.lock";
			outputPaths = (
			);
			runOnlyForDeploymentPostprocessing = 0;
			shellPath = /bin/sh;
			shellScript = "diff \"${PODS_ROOT}/../Podfile.lock\" \"${PODS_ROOT}/Manifest.lock\" > /dev/null\nif [[ $? != 0 ]] ; then\n    cat << EOM\nerror: The sandbox is not in sync with the Podfile.lock. Run 'pod install' or update your CocoaPods installation.\nEOM\n    exit 1\nfi\n";
			showEnvVarsInLog = 0;
		};
		C096A2E99E593520F75D3C45 /* Copy Pods Resources */ = {
			isa = PBXShellScriptBuildPhase;
			buildActionMask = 2147483647;
			files = (
			);
			inputPaths = (
			);
			name = "Copy Pods Resources";
			outputPaths = (
			);
			runOnlyForDeploymentPostprocessing = 0;
			shellPath = /bin/sh;
			shellScript = "\"${SRCROOT}/Pods/Target Support Files/Pods/Pods-resources.sh\"\n";
			showEnvVarsInLog = 0;
		};
/* End PBXShellScriptBuildPhase section */

/* Begin PBXSourcesBuildPhase section */
		A16E1A341CAD6B9500F7C1FA /* Sources */ = {
			isa = PBXSourcesBuildPhase;
			buildActionMask = 2147483647;
			files = (
				A11FBC721CD4DDC60029DAC8 /* ASTop10ManageVC.m in Sources */,
				A95F637F1CE016850060075E /* XQCFrameLayout.m in Sources */,
				A16885DF1CC0D4F900338353 /* ASThreadsBodyCell.m in Sources */,
				A92633681CCCA30400B73F58 /* XQBoardListVC.m in Sources */,
				A16E1A431CAD6B9500F7C1FA /* ViewController.m in Sources */,
				A1BFB6361CC4BAB000FE5CA1 /* ASArticleListVC.m in Sources */,
				A95F63741CDF33970060075E /* XQCollectArticleVC.m in Sources */,
				A96462B91CC0A3CB0086DEE6 /* UIColor+Hex.m in Sources */,
				A92FE6FE1CD8421F000A182F /* XQNewBoardViewCell.m in Sources */,
				A16E1A921CB49C2D00F7C1FA /* ASTop10Cell.m in Sources */,
				A96462B81CC0A3CB0086DEE6 /* UILabel+Extension.m in Sources */,
				A91776251CC76CD000ED84B3 /* XQSectionModel.m in Sources */,
				A1C818DD1CCA162E00D535F6 /* ASKeyboard.m in Sources */,
				A1BFB6451CC4CDED00FE5CA1 /* ASSectionListVC.m in Sources */,
				A16E1A401CAD6B9500F7C1FA /* AppDelegate.m in Sources */,
				A16E1A801CB25A0300F7C1FA /* ASTop10ListController.m in Sources */,
				A16885DA1CC0D4E100338353 /* ASThreadsTitleCell.m in Sources */,
				A16885E41CC0D51000338353 /* ASThreadsReplyCell.m in Sources */,
				A1E69D291CB7F147001E9E27 /* ASLoginController.m in Sources */,
				A95F637A1CDF814F0060075E /* XQCollectiArticleCell.m in Sources */,
				A16E1A7D1CB24AE600F7C1FA /* ASBasicArticleListController.m in Sources */,
				A192A1581CE32AE40024C694 /* ASTop10SeperatorCell.m in Sources */,
				A16E1A3D1CAD6B9500F7C1FA /* main.m in Sources */,
				A91776281CC76CE500ED84B3 /* XQBoardModel.m in Sources */,
				A95F63821CE427610060075E /* XQCLayoutAttributes.m in Sources */,
				A1A7FFCC1CB4E84D00AD6787 /* TestViewController.m in Sources */,
				A16885CF1CBF469300338353 /* ASThreadsController.m in Sources */,
				A96F5B771CC85F5400117F5E /* XQBoardView.m in Sources */,
				A11FBC781CD50BF40029DAC8 /* ASTop10Manager.m in Sources */,
				A16E1A721CAE6A0B00F7C1FA /* ASTop10RootVC.m in Sources */,
				A95F63771CDF33AE0060075E /* XQCollectBoardVC.m in Sources */,
			);
			runOnlyForDeploymentPostprocessing = 0;
		};
		A16E1A4D1CAD6B9500F7C1FA /* Sources */ = {
			isa = PBXSourcesBuildPhase;
			buildActionMask = 2147483647;
			files = (
				A16E1A561CAD6B9500F7C1FA /* ASByrAppTests.m in Sources */,
			);
			runOnlyForDeploymentPostprocessing = 0;
		};
		A16E1A581CAD6B9500F7C1FA /* Sources */ = {
			isa = PBXSourcesBuildPhase;
			buildActionMask = 2147483647;
			files = (
				A16E1A611CAD6B9500F7C1FA /* ASByrAppUITests.m in Sources */,
			);
			runOnlyForDeploymentPostprocessing = 0;
		};
/* End PBXSourcesBuildPhase section */

/* Begin PBXTargetDependency section */
		A16E1A531CAD6B9500F7C1FA /* PBXTargetDependency */ = {
			isa = PBXTargetDependency;
			target = A16E1A371CAD6B9500F7C1FA /* ASByrApp */;
			targetProxy = A16E1A521CAD6B9500F7C1FA /* PBXContainerItemProxy */;
		};
		A16E1A5E1CAD6B9500F7C1FA /* PBXTargetDependency */ = {
			isa = PBXTargetDependency;
			target = A16E1A371CAD6B9500F7C1FA /* ASByrApp */;
			targetProxy = A16E1A5D1CAD6B9500F7C1FA /* PBXContainerItemProxy */;
		};
/* End PBXTargetDependency section */

/* Begin PBXVariantGroup section */
		A16E1A491CAD6B9500F7C1FA /* LaunchScreen.storyboard */ = {
			isa = PBXVariantGroup;
			children = (
				A16E1A4A1CAD6B9500F7C1FA /* Base */,
			);
			name = LaunchScreen.storyboard;
			sourceTree = "<group>";
		};
/* End PBXVariantGroup section */

/* Begin XCBuildConfiguration section */
		A16E1A631CAD6B9500F7C1FA /* Debug */ = {
			isa = XCBuildConfiguration;
			buildSettings = {
				ALWAYS_SEARCH_USER_PATHS = NO;
				CLANG_CXX_LANGUAGE_STANDARD = "gnu++0x";
				CLANG_CXX_LIBRARY = "libc++";
				CLANG_ENABLE_MODULES = YES;
				CLANG_ENABLE_OBJC_ARC = YES;
				CLANG_WARN_BOOL_CONVERSION = YES;
				CLANG_WARN_CONSTANT_CONVERSION = YES;
				CLANG_WARN_DIRECT_OBJC_ISA_USAGE = YES_ERROR;
				CLANG_WARN_EMPTY_BODY = YES;
				CLANG_WARN_ENUM_CONVERSION = YES;
				CLANG_WARN_INT_CONVERSION = YES;
				CLANG_WARN_OBJC_ROOT_CLASS = YES_ERROR;
				CLANG_WARN_UNREACHABLE_CODE = YES;
				CLANG_WARN__DUPLICATE_METHOD_MATCH = YES;
				"CODE_SIGN_IDENTITY[sdk=iphoneos*]" = "iPhone Developer";
				COPY_PHASE_STRIP = NO;
				DEBUG_INFORMATION_FORMAT = dwarf;
				ENABLE_STRICT_OBJC_MSGSEND = YES;
				ENABLE_TESTABILITY = YES;
				GCC_C_LANGUAGE_STANDARD = gnu99;
				GCC_DYNAMIC_NO_PIC = NO;
				GCC_NO_COMMON_BLOCKS = YES;
				GCC_OPTIMIZATION_LEVEL = 0;
				GCC_PREPROCESSOR_DEFINITIONS = (
					"DEBUG=1",
					"$(inherited)",
				);
				GCC_WARN_64_TO_32_BIT_CONVERSION = YES;
				GCC_WARN_ABOUT_RETURN_TYPE = YES_ERROR;
				GCC_WARN_UNDECLARED_SELECTOR = YES;
				GCC_WARN_UNINITIALIZED_AUTOS = YES_AGGRESSIVE;
				GCC_WARN_UNUSED_FUNCTION = YES;
				GCC_WARN_UNUSED_VARIABLE = YES;
				IPHONEOS_DEPLOYMENT_TARGET = 9.2;
				MTL_ENABLE_DEBUG_INFO = YES;
				ONLY_ACTIVE_ARCH = YES;
				SDKROOT = iphoneos;
			};
			name = Debug;
		};
		A16E1A641CAD6B9500F7C1FA /* Release */ = {
			isa = XCBuildConfiguration;
			buildSettings = {
				ALWAYS_SEARCH_USER_PATHS = NO;
				CLANG_CXX_LANGUAGE_STANDARD = "gnu++0x";
				CLANG_CXX_LIBRARY = "libc++";
				CLANG_ENABLE_MODULES = YES;
				CLANG_ENABLE_OBJC_ARC = YES;
				CLANG_WARN_BOOL_CONVERSION = YES;
				CLANG_WARN_CONSTANT_CONVERSION = YES;
				CLANG_WARN_DIRECT_OBJC_ISA_USAGE = YES_ERROR;
				CLANG_WARN_EMPTY_BODY = YES;
				CLANG_WARN_ENUM_CONVERSION = YES;
				CLANG_WARN_INT_CONVERSION = YES;
				CLANG_WARN_OBJC_ROOT_CLASS = YES_ERROR;
				CLANG_WARN_UNREACHABLE_CODE = YES;
				CLANG_WARN__DUPLICATE_METHOD_MATCH = YES;
				"CODE_SIGN_IDENTITY[sdk=iphoneos*]" = "iPhone Developer";
				COPY_PHASE_STRIP = NO;
				DEBUG_INFORMATION_FORMAT = "dwarf-with-dsym";
				ENABLE_NS_ASSERTIONS = NO;
				ENABLE_STRICT_OBJC_MSGSEND = YES;
				GCC_C_LANGUAGE_STANDARD = gnu99;
				GCC_NO_COMMON_BLOCKS = YES;
				GCC_WARN_64_TO_32_BIT_CONVERSION = YES;
				GCC_WARN_ABOUT_RETURN_TYPE = YES_ERROR;
				GCC_WARN_UNDECLARED_SELECTOR = YES;
				GCC_WARN_UNINITIALIZED_AUTOS = YES_AGGRESSIVE;
				GCC_WARN_UNUSED_FUNCTION = YES;
				GCC_WARN_UNUSED_VARIABLE = YES;
				IPHONEOS_DEPLOYMENT_TARGET = 9.2;
				MTL_ENABLE_DEBUG_INFO = NO;
				SDKROOT = iphoneos;
				VALIDATE_PRODUCT = YES;
			};
			name = Release;
		};
		A16E1A661CAD6B9500F7C1FA /* Debug */ = {
			isa = XCBuildConfiguration;
			baseConfigurationReference = AC1202C2F4ED3D9C792EC2FC /* Pods.debug.xcconfig */;
			buildSettings = {
				ASSETCATALOG_COMPILER_APPICON_NAME = AppIcon;
				CODE_SIGN_IDENTITY = "iPhone Developer";
				"CODE_SIGN_IDENTITY[sdk=iphoneos*]" = "iPhone Developer";
				INFOPLIST_FILE = ASByrApp/Info.plist;
				LD_RUNPATH_SEARCH_PATHS = "$(inherited) @executable_path/Frameworks";
				PRODUCT_BUNDLE_IDENTIFIER = BUPT.ASByrApp;
				PRODUCT_NAME = "$(TARGET_NAME)";
				PROVISIONING_PROFILE = "";
			};
			name = Debug;
		};
		A16E1A671CAD6B9500F7C1FA /* Release */ = {
			isa = XCBuildConfiguration;
			baseConfigurationReference = 421B8D67E827BF51D3568E76 /* Pods.release.xcconfig */;
			buildSettings = {
				ASSETCATALOG_COMPILER_APPICON_NAME = AppIcon;
				CODE_SIGN_IDENTITY = "iPhone Developer";
				"CODE_SIGN_IDENTITY[sdk=iphoneos*]" = "iPhone Developer";
				INFOPLIST_FILE = ASByrApp/Info.plist;
				LD_RUNPATH_SEARCH_PATHS = "$(inherited) @executable_path/Frameworks";
				PRODUCT_BUNDLE_IDENTIFIER = BUPT.ASByrApp;
				PRODUCT_NAME = "$(TARGET_NAME)";
				PROVISIONING_PROFILE = "";
			};
			name = Release;
		};
		A16E1A691CAD6B9500F7C1FA /* Debug */ = {
			isa = XCBuildConfiguration;
			buildSettings = {
				BUNDLE_LOADER = "$(TEST_HOST)";
				INFOPLIST_FILE = ASByrAppTests/Info.plist;
				LD_RUNPATH_SEARCH_PATHS = "$(inherited) @executable_path/Frameworks @loader_path/Frameworks";
				PRODUCT_BUNDLE_IDENTIFIER = BUPT.ASByrAppTests;
				PRODUCT_NAME = "$(TARGET_NAME)";
				TEST_HOST = "$(BUILT_PRODUCTS_DIR)/ASByrApp.app/ASByrApp";
			};
			name = Debug;
		};
		A16E1A6A1CAD6B9500F7C1FA /* Release */ = {
			isa = XCBuildConfiguration;
			buildSettings = {
				BUNDLE_LOADER = "$(TEST_HOST)";
				INFOPLIST_FILE = ASByrAppTests/Info.plist;
				LD_RUNPATH_SEARCH_PATHS = "$(inherited) @executable_path/Frameworks @loader_path/Frameworks";
				PRODUCT_BUNDLE_IDENTIFIER = BUPT.ASByrAppTests;
				PRODUCT_NAME = "$(TARGET_NAME)";
				TEST_HOST = "$(BUILT_PRODUCTS_DIR)/ASByrApp.app/ASByrApp";
			};
			name = Release;
		};
		A16E1A6C1CAD6B9500F7C1FA /* Debug */ = {
			isa = XCBuildConfiguration;
			buildSettings = {
				INFOPLIST_FILE = ASByrAppUITests/Info.plist;
				LD_RUNPATH_SEARCH_PATHS = "$(inherited) @executable_path/Frameworks @loader_path/Frameworks";
				PRODUCT_BUNDLE_IDENTIFIER = BUPT.ASByrAppUITests;
				PRODUCT_NAME = "$(TARGET_NAME)";
				TEST_TARGET_NAME = ASByrApp;
				USES_XCTRUNNER = YES;
			};
			name = Debug;
		};
		A16E1A6D1CAD6B9500F7C1FA /* Release */ = {
			isa = XCBuildConfiguration;
			buildSettings = {
				INFOPLIST_FILE = ASByrAppUITests/Info.plist;
				LD_RUNPATH_SEARCH_PATHS = "$(inherited) @executable_path/Frameworks @loader_path/Frameworks";
				PRODUCT_BUNDLE_IDENTIFIER = BUPT.ASByrAppUITests;
				PRODUCT_NAME = "$(TARGET_NAME)";
				TEST_TARGET_NAME = ASByrApp;
				USES_XCTRUNNER = YES;
			};
			name = Release;
		};
/* End XCBuildConfiguration section */

/* Begin XCConfigurationList section */
		A16E1A331CAD6B9500F7C1FA /* Build configuration list for PBXProject "ASByrApp" */ = {
			isa = XCConfigurationList;
			buildConfigurations = (
				A16E1A631CAD6B9500F7C1FA /* Debug */,
				A16E1A641CAD6B9500F7C1FA /* Release */,
			);
			defaultConfigurationIsVisible = 0;
			defaultConfigurationName = Release;
		};
		A16E1A651CAD6B9500F7C1FA /* Build configuration list for PBXNativeTarget "ASByrApp" */ = {
			isa = XCConfigurationList;
			buildConfigurations = (
				A16E1A661CAD6B9500F7C1FA /* Debug */,
				A16E1A671CAD6B9500F7C1FA /* Release */,
			);
			defaultConfigurationIsVisible = 0;
			defaultConfigurationName = Release;
		};
		A16E1A681CAD6B9500F7C1FA /* Build configuration list for PBXNativeTarget "ASByrAppTests" */ = {
			isa = XCConfigurationList;
			buildConfigurations = (
				A16E1A691CAD6B9500F7C1FA /* Debug */,
				A16E1A6A1CAD6B9500F7C1FA /* Release */,
			);
			defaultConfigurationIsVisible = 0;
			defaultConfigurationName = Release;
		};
		A16E1A6B1CAD6B9500F7C1FA /* Build configuration list for PBXNativeTarget "ASByrAppUITests" */ = {
			isa = XCConfigurationList;
			buildConfigurations = (
				A16E1A6C1CAD6B9500F7C1FA /* Debug */,
				A16E1A6D1CAD6B9500F7C1FA /* Release */,
			);
			defaultConfigurationIsVisible = 0;
			defaultConfigurationName = Release;
		};
/* End XCConfigurationList section */
	};
	rootObject = A16E1A301CAD6B9500F7C1FA /* Project object */;
}
